
Microsoft Visual Studio Solution File, Format Version 12.00
# Visual Studio Version 17
VisualStudioVersion = 17.9.34622.214
MinimumVisualStudioVersion = 10.0.40219.1
Project("{9A19103F-16F7-4668-BE54-9A1E7A4F7556}") = "Shelf.Life.API", "Shelf.Life.API\Shelf.Life.API.csproj", "{2BBC98F8-BFD5-4264-A16C-31EE77ED082F}"
EndProject
Project("{FAE04EC0-301F-11D3-BF4B-00C04F79EFBC}") = "Shelf.Life.API.Tests", "Shelf.Life.API.Tests\Shelf.Life.API.Tests.csproj", "{82826017-3653-40A8-B758-4E1FC46E53FD}"
EndProject
Project("{FAE04EC0-301F-11D3-BF4B-00C04F79EFBC}") = "Shelf.Life.Domain", "Shelf.Life.Domain\Shelf.Life.Domain.csproj", "{2D80160E-1625-41B3-AEDF-37EC79388B9C}"
EndProject
Project("{FAE04EC0-301F-11D3-BF4B-00C04F79EFBC}") = "Shelf.Life.Domain.Tests", "Shelf.Life.Domain.Tests\Shelf.Life.Domain.Tests.csproj", "{511F3110-15F8-486E-8A6B-F4696BBB5509}"
EndProject
Project("{FAE04EC0-301F-11D3-BF4B-00C04F79EFBC}") = "Shelf.Life.Database", "Shelf.Life.Database\Shelf.Life.Database.csproj", "{86927711-D48D-4EE7-A440-F70D9E54160C}"
EndProject
Project("{FAE04EC0-301F-11D3-BF4B-00C04F79EFBC}") = "Shelf.Life.Database.Tests", "Shelf.Life.Database.Tests\Shelf.Life.Database.Tests.csproj", "{4AE32B98-719D-44D4-BAE0-B3928A4C5FF6}"
EndProject
Global
	GlobalSection(SolutionConfigurationPlatforms) = preSolution
		Debug|Any CPU = Debug|Any CPU
		Release|Any CPU = Release|Any CPU
	EndGlobalSection
	GlobalSection(ProjectConfigurationPlatforms) = postSolution
		{2BBC98F8-BFD5-4264-A16C-31EE77ED082F}.Debug|Any CPU.ActiveCfg = Debug|Any CPU
		{2BBC98F8-BFD5-4264-A16C-31EE77ED082F}.Debug|Any CPU.Build.0 = Debug|Any CPU
		{2BBC98F8-BFD5-4264-A16C-31EE77ED082F}.Release|Any CPU.ActiveCfg = Release|Any CPU
		{2BBC98F8-BFD5-4264-A16C-31EE77ED082F}.Release|Any CPU.Build.0 = Release|Any CPU
		{82826017-3653-40A8-B758-4E1FC46E53FD}.Debug|Any CPU.ActiveCfg = Debug|Any CPU
		{82826017-3653-40A8-B758-4E1FC46E53FD}.Debug|Any CPU.Build.0 = Debug|Any CPU
		{82826017-3653-40A8-B758-4E1FC46E53FD}.Release|Any CPU.ActiveCfg = Release|Any CPU
		{82826017-3653-40A8-B758-4E1FC46E53FD}.Release|Any CPU.Build.0 = Release|Any CPU
		{2D80160E-1625-41B3-AEDF-37EC79388B9C}.Debug|Any CPU.ActiveCfg = Debug|Any CPU
		{2D80160E-1625-41B3-AEDF-37EC79388B9C}.Debug|Any CPU.Build.0 = Debug|Any CPU
		{2D80160E-1625-41B3-AEDF-37EC79388B9C}.Release|Any CPU.ActiveCfg = Release|Any CPU
		{2D80160E-1625-41B3-AEDF-37EC79388B9C}.Release|Any CPU.Build.0 = Release|Any CPU
		{511F3110-15F8-486E-8A6B-F4696BBB5509}.Debug|Any CPU.ActiveCfg = Debug|Any CPU
		{511F3110-15F8-486E-8A6B-F4696BBB5509}.Debug|Any CPU.Build.0 = Debug|Any CPU
		{511F3110-15F8-486E-8A6B-F4696BBB5509}.Release|Any CPU.ActiveCfg = Release|Any CPU
		{511F3110-15F8-486E-8A6B-F4696BBB5509}.Release|Any CPU.Build.0 = Release|Any CPU
		{86927711-D48D-4EE7-A440-F70D9E54160C}.Debug|Any CPU.ActiveCfg = Debug|Any CPU
		{86927711-D48D-4EE7-A440-F70D9E54160C}.Debug|Any CPU.Build.0 = Debug|Any CPU
		{86927711-D48D-4EE7-A440-F70D9E54160C}.Release|Any CPU.ActiveCfg = Release|Any CPU
		{86927711-D48D-4EE7-A440-F70D9E54160C}.Release|Any CPU.Build.0 = Release|Any CPU
		{4AE32B98-719D-44D4-BAE0-B3928A4C5FF6}.Debug|Any CPU.ActiveCfg = Debug|Any CPU
		{4AE32B98-719D-44D4-BAE0-B3928A4C5FF6}.Debug|Any CPU.Build.0 = Debug|Any CPU
		{4AE32B98-719D-44D4-BAE0-B3928A4C5FF6}.Release|Any CPU.ActiveCfg = Release|Any CPU
		{4AE32B98-719D-44D4-BAE0-B3928A4C5FF6}.Release|Any CPU.Build.0 = Release|Any CPU
	EndGlobalSection
	GlobalSection(SolutionProperties) = preSolution
		HideSolutionNode = FALSE
	EndGlobalSection
	GlobalSection(ExtensibilityGlobals) = postSolution
		SolutionGuid = {30F094C7-1929-48A7-84F2-97C59120781C}
	EndGlobalSection
EndGlobal
